
Microsoft Visual Studio Solution File, Format Version 12.00
# Visual Studio Version 17
VisualStudioVersion = 17.10.35004.147
MinimumVisualStudioVersion = 10.0.40219.1
Project("{8BC9CEB8-8B4A-11D0-8D11-00A0C91BC942}") = "E. Max.Asuit", "E. Max.Asuit.vcxproj", "{0C8AC12D-2672-4339-A2CF-D632B1D97A4B}"
EndProject
Global
	GlobalSection(SolutionConfigurationPlatforms) = preSolution
		Debug|x64 = Debug|x64
		Debug|x86 = Debug|x86
		Release|x64 = Release|x64
		Release|x86 = Release|x86
	EndGlobalSection
	GlobalSection(ProjectConfigurationPlatforms) = postSolution
		{0C8AC12D-2672-4339-A2CF-D632B1D97A4B}.Debug|x64.ActiveCfg = Debug|x64
		{0C8AC12D-2672-4339-A2CF-D632B1D97A4B}.Debug|x64.Build.0 = Debug|x64
		{0C8AC12D-2672-4339-A2CF-D632B1D97A4B}.Debug|x86.ActiveCfg = Debug|Win32
		{0C8AC12D-2672-4339-A2CF-D632B1D97A4B}.Debug|x86.Build.0 = Debug|Win32
		{0C8AC12D-2672-4339-A2CF-D632B1D97A4B}.Release|x64.ActiveCfg = Release|x64
		{0C8AC12D-2672-4339-A2CF-D632B1D97A4B}.Release|x64.Build.0 = Release|x64
		{0C8AC12D-2672-4339-A2CF-D632B1D97A4B}.Release|x86.ActiveCfg = Release|Win32
		{0C8AC12D-2672-4339-A2CF-D632B1D97A4B}.Release|x86.Build.0 = Release|Win32
	EndGlobalSection
	GlobalSection(SolutionProperties) = preSolution
		HideSolutionNode = FALSE
	EndGlobalSection
	GlobalSection(ExtensibilityGlobals) = postSolution
		SolutionGuid = {2903BC8E-31DA-4677-A27F-45D0909394C7}
	EndGlobalSection
EndGlobal
