
Microsoft Visual Studio Solution File, Format Version 12.00
# Visual Studio Version 17
VisualStudioVersion = 17.10.35004.147
MinimumVisualStudioVersion = 10.0.40219.1
Project("{8BC9CEB8-8B4A-11D0-8D11-00A0C91BC942}") = "B. Burning Midnight Oil", "B. Burning Midnight Oil.vcxproj", "{CB2D1B55-6B9F-483D-84FB-B4455F0B9B11}"
EndProject
Global
	GlobalSection(SolutionConfigurationPlatforms) = preSolution
		Debug|x64 = Debug|x64
		Debug|x86 = Debug|x86
		Release|x64 = Release|x64
		Release|x86 = Release|x86
	EndGlobalSection
	GlobalSection(ProjectConfigurationPlatforms) = postSolution
		{CB2D1B55-6B9F-483D-84FB-B4455F0B9B11}.Debug|x64.ActiveCfg = Debug|x64
		{CB2D1B55-6B9F-483D-84FB-B4455F0B9B11}.Debug|x64.Build.0 = Debug|x64
		{CB2D1B55-6B9F-483D-84FB-B4455F0B9B11}.Debug|x86.ActiveCfg = Debug|Win32
		{CB2D1B55-6B9F-483D-84FB-B4455F0B9B11}.Debug|x86.Build.0 = Debug|Win32
		{CB2D1B55-6B9F-483D-84FB-B4455F0B9B11}.Release|x64.ActiveCfg = Release|x64
		{CB2D1B55-6B9F-483D-84FB-B4455F0B9B11}.Release|x64.Build.0 = Release|x64
		{CB2D1B55-6B9F-483D-84FB-B4455F0B9B11}.Release|x86.ActiveCfg = Release|Win32
		{CB2D1B55-6B9F-483D-84FB-B4455F0B9B11}.Release|x86.Build.0 = Release|Win32
	EndGlobalSection
	GlobalSection(SolutionProperties) = preSolution
		HideSolutionNode = FALSE
	EndGlobalSection
	GlobalSection(ExtensibilityGlobals) = postSolution
		SolutionGuid = {AE0CF595-D98C-47C7-8B3C-CC44915C060F}
	EndGlobalSection
EndGlobal
