
Microsoft Visual Studio Solution File, Format Version 12.00
# Visual Studio Version 17
VisualStudioVersion = 17.10.35004.147
MinimumVisualStudioVersion = 10.0.40219.1
Project("{8BC9CEB8-8B4A-11D0-8D11-00A0C91BC942}") = "A. Valera and X", "A. Valera and X.vcxproj", "{FF07847E-9A60-4259-892F-64AECE316DFD}"
EndProject
Global
	GlobalSection(SolutionConfigurationPlatforms) = preSolution
		Debug|x64 = Debug|x64
		Debug|x86 = Debug|x86
		Release|x64 = Release|x64
		Release|x86 = Release|x86
	EndGlobalSection
	GlobalSection(ProjectConfigurationPlatforms) = postSolution
		{FF07847E-9A60-4259-892F-64AECE316DFD}.Debug|x64.ActiveCfg = Debug|x64
		{FF07847E-9A60-4259-892F-64AECE316DFD}.Debug|x64.Build.0 = Debug|x64
		{FF07847E-9A60-4259-892F-64AECE316DFD}.Debug|x86.ActiveCfg = Debug|Win32
		{FF07847E-9A60-4259-892F-64AECE316DFD}.Debug|x86.Build.0 = Debug|Win32
		{FF07847E-9A60-4259-892F-64AECE316DFD}.Release|x64.ActiveCfg = Release|x64
		{FF07847E-9A60-4259-892F-64AECE316DFD}.Release|x64.Build.0 = Release|x64
		{FF07847E-9A60-4259-892F-64AECE316DFD}.Release|x86.ActiveCfg = Release|Win32
		{FF07847E-9A60-4259-892F-64AECE316DFD}.Release|x86.Build.0 = Release|Win32
	EndGlobalSection
	GlobalSection(SolutionProperties) = preSolution
		HideSolutionNode = FALSE
	EndGlobalSection
	GlobalSection(ExtensibilityGlobals) = postSolution
		SolutionGuid = {AD0C22DF-5EEE-47FF-9965-8B4B4F926EAB}
	EndGlobalSection
EndGlobal
